
Microsoft Visual Studio Solution File, Format Version 12.00
# Visual Studio 15
VisualStudioVersion = 15.0.28307.852
MinimumVisualStudioVersion = 10.0.40219.1
Project("{FAE04EC0-301F-11D3-BF4B-00C04F79EFBC}") = "QuadProg", "QuadProg\QuadProg.csproj", "{79A00E23-7141-4711-93FC-26D90129AB80}"
EndProject
Global
	GlobalSection(SolutionConfigurationPlatforms) = preSolution
		Debug|Any CPU = Debug|Any CPU
		Release|Any CPU = Release|Any CPU
	EndGlobalSection
	GlobalSection(ProjectConfigurationPlatforms) = postSolution
		{79A00E23-7141-4711-93FC-26D90129AB80}.Debug|Any CPU.ActiveCfg = Debug|Any CPU
		{79A00E23-7141-4711-93FC-26D90129AB80}.Debug|Any CPU.Build.0 = Debug|Any CPU
		{79A00E23-7141-4711-93FC-26D90129AB80}.Release|Any CPU.ActiveCfg = Release|Any CPU
		{79A00E23-7141-4711-93FC-26D90129AB80}.Release|Any CPU.Build.0 = Release|Any CPU
	EndGlobalSection
	GlobalSection(SolutionProperties) = preSolution
		HideSolutionNode = FALSE
	EndGlobalSection
	GlobalSection(ExtensibilityGlobals) = postSolution
		SolutionGuid = {04B43C10-BDCA-462D-9461-B0A4ED51D028}
	EndGlobalSection
EndGlobal
